<?xml version="1.0" encoding="UTF-8" standalone="yes" ?>
<CodeBlocks_project_file>
	<FileVersion major="1" minor="6" />
	<Project>
		<Option title="CMCNext" />
		<Option pch_mode="2" />
		<Option compiler="tdm_gcc_64_compiler" />
		<Option extended_obj_names="1" />
		<Build>
			<Target title="Debug">
				<Option output="bin/CMCNext-d" prefix_auto="1" extension_auto="1" />
				<Option working_dir="./bin/" />
				<Option object_output="obj/Debug/" />
				<Option type="1" />
				<Option compiler="tdm_gcc_64_compiler" />
				<Compiler>
					<Add option="-g" />
				</Compiler>
			</Target>
			<Target title="Release">
				<Option output="bin/CMCNext" prefix_auto="1" extension_auto="1" />
				<Option working_dir="./bin/" />
				<Option object_output="obj/Release/" />
				<Option type="0" />
				<Option compiler="tdm_gcc_64_compiler" />
				<Compiler>
					<Add option="-O2" />
				</Compiler>
				<Linker>
					<Add option="-s" />
				</Linker>
			</Target>
		</Build>
		<Compiler>
			<Add option="-Wshadow" />
			<Add option="-Winit-self" />
			<Add option="-Wredundant-decls" />
			<Add option="-Wcast-align" />
			<Add option="-Wundef" />
			<Add option="-Wunreachable-code" />
			<Add option="-Wmissing-declarations" />
			<Add option="-Wmissing-include-dirs" />
			<Add option="-Wmain" />
			<Add option="-std=c++11" />
			<Add directory="./include" />
			<Add directory="$(#SFML)/include" />
		</Compiler>
		<Linker>
			<Add library="sfml-audio-2" />
			<Add library="sfml-graphics-2" />
			<Add library="sfml-window-2" />
			<Add library="sfml-system-2" />
			<Add directory="./lib" />
			<Add directory="$(#SFML)/lib" />
		</Linker>
		<Unit filename="include/Area.hpp" />
		<Unit filename="include/Background.hpp" />
		<Unit filename="include/Battle.hpp" />
		<Unit filename="include/Core.hpp" />
		<Unit filename="include/Explorative.hpp" />
		<Unit filename="include/Game.hpp" />
		<Unit filename="include/InputManager.hpp" />
		<Unit filename="include/Level.hpp" />
		<Unit filename="include/MainMenu.hpp" />
		<Unit filename="include/Menu.hpp" />
		<Unit filename="include/MenuControls.hpp" />
		<Unit filename="include/MenuControls/Button.hpp" />
		<Unit filename="include/MenuControls/ControlBase.hpp" />
		<Unit filename="include/MenuControls/ControlsShared.hpp" />
		<Unit filename="include/MenuControls/Image.hpp" />
		<Unit filename="include/MenuControls/Label.hpp" />
		<Unit filename="include/MenuControls/Selector.hpp" />
		<Unit filename="include/MenuControls/StaticBox.hpp" />
		<Unit filename="include/Object.hpp" />
		<Unit filename="include/OptionsMenu.hpp" />
		<Unit filename="include/ResourceManager.hpp" />
		<Unit filename="include/Scene.hpp" />
		<Unit filename="include/Settings.hpp" />
		<Unit filename="include/Utilities.hpp" />
		<Unit filename="src/Area.cpp" />
		<Unit filename="src/Background.cpp" />
		<Unit filename="src/Battle.cpp" />
		<Unit filename="src/Core.cpp" />
		<Unit filename="src/Explorative.cpp" />
		<Unit filename="src/Game.cpp" />
		<Unit filename="src/InputManager.cpp" />
		<Unit filename="src/Level.cpp" />
		<Unit filename="src/MainMenu.cpp" />
		<Unit filename="src/Menu.cpp" />
		<Unit filename="src/MenuControls/Button.cpp" />
		<Unit filename="src/MenuControls/ControlBase.cpp" />
		<Unit filename="src/MenuControls/Image.cpp" />
		<Unit filename="src/MenuControls/Label.cpp" />
		<Unit filename="src/MenuControls/Selector.cpp" />
		<Unit filename="src/MenuControls/StaticBox.cpp" />
		<Unit filename="src/Object.cpp" />
		<Unit filename="src/OptionsMenu.cpp" />
		<Unit filename="src/ResourceManager.cpp" />
		<Unit filename="src/Scene.cpp" />
		<Unit filename="src/Settings.cpp" />
		<Unit filename="src/Utilities.cpp" />
		<Unit filename="src/main.cpp" />
		<Extensions>
			<code_completion />
			<debugger />
		</Extensions>
	</Project>
</CodeBlocks_project_file>
