<?xml version="1.0" encoding="UTF-8" standalone="yes" ?>
<CodeBlocks_project_file>
	<FileVersion major="1" minor="6" />
	<Project>
		<Option title="CMCNext" />
		<Option pch_mode="2" />
		<Option compiler="tdm_gcc_64_compiler" />
		<Option extended_obj_names="1" />
		<Build>
			<Target title="Debug">
				<Option output="bin/CMCNext-d" prefix_auto="1" extension_auto="1" />
				<Option working_dir="./bin/" />
				<Option object_output="obj/Debug/" />
				<Option type="1" />
				<Option compiler="tdm_gcc_64_compiler" />
				<Compiler>
					<Add option="-g" />
				</Compiler>
			</Target>
			<Target title="Release">
				<Option output="bin/CMCNext" prefix_auto="1" extension_auto="1" />
				<Option working_dir="./bin/" />
				<Option object_output="obj/Release/" />
				<Option type="0" />
				<Option compiler="tdm_gcc_64_compiler" />
				<Compiler>
					<Add option="-O2" />
				</Compiler>
				<Linker>
					<Add option="-s" />
				</Linker>
			</Target>
		</Build>
		<Compiler>
			<Add option="-Wshadow" />
			<Add option="-Winit-self" />
			<Add option="-Wredundant-decls" />
			<Add option="-Wcast-align" />
			<Add option="-Wundef" />
			<Add option="-Wunreachable-code" />
			<Add option="-Wmissing-declarations" />
			<Add option="-Wmissing-include-dirs" />
			<Add option="-Wmain" />
			<Add option="-std=c++11" />
			<Add directory="./include" />
			<Add directory="$(#SFML)/include" />
			<Add directory="./include/Engine" />
		</Compiler>
		<Linker>
			<Add library="sfml-audio-2" />
			<Add library="sfml-graphics-2" />
			<Add library="sfml-window-2" />
			<Add library="sfml-system-2" />
			<Add directory="./lib" />
			<Add directory="$(#SFML)/lib" />
		</Linker>
		<ExtraCommands>
			<Add after="Post-compilation.bat" />
		</ExtraCommands>
		<Unit filename="include/Area.hpp" />
		<Unit filename="include/AreaCollider.hpp" />
		<Unit filename="include/Battle.hpp" />
		<Unit filename="include/Character.hpp" />
		<Unit filename="include/Characters/SugarBolt.hpp" />
		<Unit filename="include/Characters/TruffleMint.hpp" />
		<Unit filename="include/DebugRoom.hpp" />
		<Unit filename="include/Engine/Background.hpp" />
		<Unit filename="include/Engine/Core.hpp" />
		<Unit filename="include/Engine/InputManager.hpp" />
		<Unit filename="include/Engine/Menu.hpp" />
		<Unit filename="include/Engine/MenuControls.hpp" />
		<Unit filename="include/Engine/MenuControls/Button.hpp" />
		<Unit filename="include/Engine/MenuControls/ControlBase.hpp" />
		<Unit filename="include/Engine/MenuControls/ControlsShared.hpp" />
		<Unit filename="include/Engine/MenuControls/Image.hpp" />
		<Unit filename="include/Engine/MenuControls/Label.hpp" />
		<Unit filename="include/Engine/MenuControls/Selector.hpp" />
		<Unit filename="include/Engine/MenuControls/StaticBox.hpp" />
		<Unit filename="include/Engine/Object.hpp" />
		<Unit filename="include/Engine/ResourceManager.hpp" />
		<Unit filename="include/Engine/Scene.hpp" />
		<Unit filename="include/Engine/Settings.hpp" />
		<Unit filename="include/Engine/Utilities.hpp" />
		<Unit filename="include/Entity.hpp" />
		<Unit filename="include/Game.hpp" />
		<Unit filename="include/Inventory.hpp" />
		<Unit filename="include/Item.hpp" />
		<Unit filename="include/MainMenu.hpp" />
		<Unit filename="include/OptionsMenu.hpp" />
		<Unit filename="include/Party.hpp" />
		<Unit filename="include/Player.hpp" />
		<Unit filename="include/Spritesheet.hpp" />
		<Unit filename="include/StaticEnt.hpp" />
		<Unit filename="include/TruffleMint.hpp" />
		<Unit filename="resource.h" />
		<Unit filename="resources.rc">
			<Option compilerVar="WINDRES" />
		</Unit>
		<Unit filename="src/Area.cpp" />
		<Unit filename="src/AreaCollider.cpp" />
		<Unit filename="src/Battle.cpp" />
		<Unit filename="src/Character.cpp" />
		<Unit filename="src/Characters/SugarBolt.cpp" />
		<Unit filename="src/Characters/TruffleMint.cpp" />
		<Unit filename="src/DebugRoom.cpp" />
		<Unit filename="src/Engine/Background.cpp" />
		<Unit filename="src/Engine/Core.cpp" />
		<Unit filename="src/Engine/InputManager.cpp" />
		<Unit filename="src/Engine/Menu.cpp" />
		<Unit filename="src/Engine/MenuControls/Button.cpp" />
		<Unit filename="src/Engine/MenuControls/ControlBase.cpp" />
		<Unit filename="src/Engine/MenuControls/Image.cpp" />
		<Unit filename="src/Engine/MenuControls/Label.cpp" />
		<Unit filename="src/Engine/MenuControls/Selector.cpp" />
		<Unit filename="src/Engine/MenuControls/StaticBox.cpp" />
		<Unit filename="src/Engine/Object.cpp" />
		<Unit filename="src/Engine/ResourceManager.cpp" />
		<Unit filename="src/Engine/Scene.cpp" />
		<Unit filename="src/Engine/Settings.cpp" />
		<Unit filename="src/Engine/Utilities.cpp" />
		<Unit filename="src/Entity.cpp" />
		<Unit filename="src/Game.cpp" />
		<Unit filename="src/Inventory.cpp" />
		<Unit filename="src/Item.cpp" />
		<Unit filename="src/MainMenu.cpp" />
		<Unit filename="src/OptionsMenu.cpp" />
		<Unit filename="src/Party.cpp" />
		<Unit filename="src/Player.cpp" />
		<Unit filename="src/Spritesheet.cpp" />
		<Unit filename="src/StaticEnt.cpp" />
		<Unit filename="src/main.cpp" />
		<Extensions>
			<code_completion />
			<debugger />
		</Extensions>
	</Project>
</CodeBlocks_project_file>
